
Microsoft Visual Studio Solution File, Format Version 12.00
# Visual Studio Version 17
VisualStudioVersion = 17.2.32630.192
MinimumVisualStudioVersion = 10.0.40219.1
Project("{9A19103F-16F7-4668-BE54-9A1E7A4F7556}") = "Examen.ApplicationCore", "Examen.ApplicationCore\Examen.ApplicationCore.csproj", "{6F16ACA1-041A-4515-9755-D412D22B0EC4}"
EndProject
Project("{9A19103F-16F7-4668-BE54-9A1E7A4F7556}") = "Examen.Infrastructure", "Examen.Infrastructure\Examen.Infrastructure.csproj", "{8A867A2A-B7BE-4EF2-A74C-54075F4146CF}"
EndProject
Project("{9A19103F-16F7-4668-BE54-9A1E7A4F7556}") = "Examen.UI.Web", "Examen.UI.Web\Examen.UI.Web.csproj", "{DE7BD111-7CB1-40C0-B2AB-4D2B55757A83}"
EndProject
Global
	GlobalSection(SolutionConfigurationPlatforms) = preSolution
		Debug|Any CPU = Debug|Any CPU
		Release|Any CPU = Release|Any CPU
	EndGlobalSection
	GlobalSection(ProjectConfigurationPlatforms) = postSolution
		{6F16ACA1-041A-4515-9755-D412D22B0EC4}.Debug|Any CPU.ActiveCfg = Debug|Any CPU
		{6F16ACA1-041A-4515-9755-D412D22B0EC4}.Debug|Any CPU.Build.0 = Debug|Any CPU
		{6F16ACA1-041A-4515-9755-D412D22B0EC4}.Release|Any CPU.ActiveCfg = Release|Any CPU
		{6F16ACA1-041A-4515-9755-D412D22B0EC4}.Release|Any CPU.Build.0 = Release|Any CPU
		{8A867A2A-B7BE-4EF2-A74C-54075F4146CF}.Debug|Any CPU.ActiveCfg = Debug|Any CPU
		{8A867A2A-B7BE-4EF2-A74C-54075F4146CF}.Debug|Any CPU.Build.0 = Debug|Any CPU
		{8A867A2A-B7BE-4EF2-A74C-54075F4146CF}.Release|Any CPU.ActiveCfg = Release|Any CPU
		{8A867A2A-B7BE-4EF2-A74C-54075F4146CF}.Release|Any CPU.Build.0 = Release|Any CPU
		{DE7BD111-7CB1-40C0-B2AB-4D2B55757A83}.Debug|Any CPU.ActiveCfg = Debug|Any CPU
		{DE7BD111-7CB1-40C0-B2AB-4D2B55757A83}.Debug|Any CPU.Build.0 = Debug|Any CPU
		{DE7BD111-7CB1-40C0-B2AB-4D2B55757A83}.Release|Any CPU.ActiveCfg = Release|Any CPU
		{DE7BD111-7CB1-40C0-B2AB-4D2B55757A83}.Release|Any CPU.Build.0 = Release|Any CPU
	EndGlobalSection
	GlobalSection(SolutionProperties) = preSolution
		HideSolutionNode = FALSE
	EndGlobalSection
	GlobalSection(ExtensibilityGlobals) = postSolution
		SolutionGuid = {936B6962-3C65-4145-9335-94183B4998EB}
	EndGlobalSection
EndGlobal
